// !$*UTF8*$!
{
	archiveVersion = 1;
	classes = {
	};
	objectVersion = 50;
	objects = {

/* Begin PBXBuildFile section */
		F21FC0EA21B6B56800771871 /* Quick.framework in Frameworks */ = {isa = PBXBuildFile; fileRef = F21FC0E821B6B56800771871 /* Quick.framework */; };
		F21FC0EB21B6B56800771871 /* Nimble.framework in Frameworks */ = {isa = PBXBuildFile; fileRef = F21FC0E921B6B56800771871 /* Nimble.framework */; };
		F21FC0ED21B6B59F00771871 /* Quick.framework in CopyFiles */ = {isa = PBXBuildFile; fileRef = F21FC0E821B6B56800771871 /* Quick.framework */; settings = {ATTRIBUTES = (CodeSignOnCopy, RemoveHeadersOnCopy, ); }; };
		F21FC0EE21B6B5A600771871 /* Nimble.framework in CopyFiles */ = {isa = PBXBuildFile; fileRef = F21FC0E921B6B56800771871 /* Nimble.framework */; settings = {ATTRIBUTES = (CodeSignOnCopy, RemoveHeadersOnCopy, ); }; };
		F21FC0F621B6C62D00771871 /* TodoListSteps.swift in Sources */ = {isa = PBXBuildFile; fileRef = F21FC0F521B6C62D00771871 /* TodoListSteps.swift */; };
		F21FC0F821B6CCA200771871 /* TodoListControllerTableViewController.swift in Sources */ = {isa = PBXBuildFile; fileRef = F21FC0F721B6CCA200771871 /* TodoListControllerTableViewController.swift */; };
		F2DDD45D21B69EE500FB49D6 /* AppDelegate.swift in Sources */ = {isa = PBXBuildFile; fileRef = F2DDD45C21B69EE500FB49D6 /* AppDelegate.swift */; };
		F2DDD46221B69EE500FB49D6 /* Main.storyboard in Resources */ = {isa = PBXBuildFile; fileRef = F2DDD46021B69EE500FB49D6 /* Main.storyboard */; };
		F2DDD46521B69EE500FB49D6 /* todoApp.xcdatamodeld in Sources */ = {isa = PBXBuildFile; fileRef = F2DDD46321B69EE500FB49D6 /* todoApp.xcdatamodeld */; };
		F2DDD46721B69EE600FB49D6 /* Assets.xcassets in Resources */ = {isa = PBXBuildFile; fileRef = F2DDD46621B69EE600FB49D6 /* Assets.xcassets */; };
		F2DDD46A21B69EE600FB49D6 /* LaunchScreen.storyboard in Resources */ = {isa = PBXBuildFile; fileRef = F2DDD46821B69EE600FB49D6 /* LaunchScreen.storyboard */; };
		F2DDD47521B69EE600FB49D6 /* todoAppTests.swift in Sources */ = {isa = PBXBuildFile; fileRef = F2DDD47421B69EE600FB49D6 /* todoAppTests.swift */; };
		F2DDD48021B69EE600FB49D6 /* TodoListFeature.swift in Sources */ = {isa = PBXBuildFile; fileRef = F2DDD47F21B69EE600FB49D6 /* TodoListFeature.swift */; };
/* End PBXBuildFile section */

/* Begin PBXContainerItemProxy section */
		F2DDD47121B69EE600FB49D6 /* PBXContainerItemProxy */ = {
			isa = PBXContainerItemProxy;
			containerPortal = F2DDD45121B69EE500FB49D6 /* Project object */;
			proxyType = 1;
			remoteGlobalIDString = F2DDD45821B69EE500FB49D6;
			remoteInfo = todoApp;
		};
		F2DDD47C21B69EE600FB49D6 /* PBXContainerItemProxy */ = {
			isa = PBXContainerItemProxy;
			containerPortal = F2DDD45121B69EE500FB49D6 /* Project object */;
			proxyType = 1;
			remoteGlobalIDString = F2DDD45821B69EE500FB49D6;
			remoteInfo = todoApp;
		};
/* End PBXContainerItemProxy section */

/* Begin PBXCopyFilesBuildPhase section */
		F21FC0EC21B6B57900771871 /* CopyFiles */ = {
			isa = PBXCopyFilesBuildPhase;
			buildActionMask = 2147483647;
			dstPath = "";
			dstSubfolderSpec = 10;
			files = (
				F21FC0EE21B6B5A600771871 /* Nimble.framework in CopyFiles */,
				F21FC0ED21B6B59F00771871 /* Quick.framework in CopyFiles */,
			);
			runOnlyForDeploymentPostprocessing = 0;
		};
/* End PBXCopyFilesBuildPhase section */

/* Begin PBXFileReference section */
		F21FC0E821B6B56800771871 /* Quick.framework */ = {isa = PBXFileReference; lastKnownFileType = wrapper.framework; name = Quick.framework; path = Carthage/Build/iOS/Quick.framework; sourceTree = "<group>"; };
		F21FC0E921B6B56800771871 /* Nimble.framework */ = {isa = PBXFileReference; lastKnownFileType = wrapper.framework; name = Nimble.framework; path = Carthage/Build/iOS/Nimble.framework; sourceTree = "<group>"; };
		F21FC0F521B6C62D00771871 /* TodoListSteps.swift */ = {isa = PBXFileReference; lastKnownFileType = sourcecode.swift; path = TodoListSteps.swift; sourceTree = "<group>"; };
		F21FC0F721B6CCA200771871 /* TodoListControllerTableViewController.swift */ = {isa = PBXFileReference; lastKnownFileType = sourcecode.swift; path = TodoListControllerTableViewController.swift; sourceTree = "<group>"; };
		F2DDD45921B69EE500FB49D6 /* todoApp.app */ = {isa = PBXFileReference; explicitFileType = wrapper.application; includeInIndex = 0; path = todoApp.app; sourceTree = BUILT_PRODUCTS_DIR; };
		F2DDD45C21B69EE500FB49D6 /* AppDelegate.swift */ = {isa = PBXFileReference; lastKnownFileType = sourcecode.swift; path = AppDelegate.swift; sourceTree = "<group>"; };
		F2DDD46121B69EE500FB49D6 /* Base */ = {isa = PBXFileReference; lastKnownFileType = file.storyboard; name = Base; path = Base.lproj/Main.storyboard; sourceTree = "<group>"; };
		F2DDD46421B69EE500FB49D6 /* todoApp.xcdatamodel */ = {isa = PBXFileReference; lastKnownFileType = wrapper.xcdatamodel; path = todoApp.xcdatamodel; sourceTree = "<group>"; };
		F2DDD46621B69EE600FB49D6 /* Assets.xcassets */ = {isa = PBXFileReference; lastKnownFileType = folder.assetcatalog; path = Assets.xcassets; sourceTree = "<group>"; };
		F2DDD46921B69EE600FB49D6 /* Base */ = {isa = PBXFileReference; lastKnownFileType = file.storyboard; name = Base; path = Base.lproj/LaunchScreen.storyboard; sourceTree = "<group>"; };
		F2DDD46B21B69EE600FB49D6 /* Info.plist */ = {isa = PBXFileReference; lastKnownFileType = text.plist.xml; path = Info.plist; sourceTree = "<group>"; };
		F2DDD47021B69EE600FB49D6 /* todoAppTests.xctest */ = {isa = PBXFileReference; explicitFileType = wrapper.cfbundle; includeInIndex = 0; path = todoAppTests.xctest; sourceTree = BUILT_PRODUCTS_DIR; };
		F2DDD47421B69EE600FB49D6 /* todoAppTests.swift */ = {isa = PBXFileReference; lastKnownFileType = sourcecode.swift; path = todoAppTests.swift; sourceTree = "<group>"; };
		F2DDD47621B69EE600FB49D6 /* Info.plist */ = {isa = PBXFileReference; lastKnownFileType = text.plist.xml; path = Info.plist; sourceTree = "<group>"; };
		F2DDD47B21B69EE600FB49D6 /* todoAppUITests.xctest */ = {isa = PBXFileReference; explicitFileType = wrapper.cfbundle; includeInIndex = 0; path = todoAppUITests.xctest; sourceTree = BUILT_PRODUCTS_DIR; };
		F2DDD47F21B69EE600FB49D6 /* TodoListFeature.swift */ = {isa = PBXFileReference; lastKnownFileType = sourcecode.swift; path = TodoListFeature.swift; sourceTree = "<group>"; };
		F2DDD48121B69EE600FB49D6 /* Info.plist */ = {isa = PBXFileReference; lastKnownFileType = text.plist.xml; path = Info.plist; sourceTree = "<group>"; };
/* End PBXFileReference section */

/* Begin PBXFrameworksBuildPhase section */
		F2DDD45621B69EE500FB49D6 /* Frameworks */ = {
			isa = PBXFrameworksBuildPhase;
			buildActionMask = 2147483647;
			files = (
				F21FC0EA21B6B56800771871 /* Quick.framework in Frameworks */,
				F21FC0EB21B6B56800771871 /* Nimble.framework in Frameworks */,
			);
			runOnlyForDeploymentPostprocessing = 0;
		};
		F2DDD46D21B69EE600FB49D6 /* Frameworks */ = {
			isa = PBXFrameworksBuildPhase;
			buildActionMask = 2147483647;
			files = (
			);
			runOnlyForDeploymentPostprocessing = 0;
		};
		F2DDD47821B69EE600FB49D6 /* Frameworks */ = {
			isa = PBXFrameworksBuildPhase;
			buildActionMask = 2147483647;
			files = (
			);
			runOnlyForDeploymentPostprocessing = 0;
		};
/* End PBXFrameworksBuildPhase section */

/* Begin PBXGroup section */
		F21FC0E721B6B56800771871 /* Frameworks */ = {
			isa = PBXGroup;
			children = (
				F21FC0E921B6B56800771871 /* Nimble.framework */,
				F21FC0E821B6B56800771871 /* Quick.framework */,
			);
			name = Frameworks;
			sourceTree = "<group>";
		};
		F21FC0F221B6C59A00771871 /* features */ = {
			isa = PBXGroup;
			children = (
				F2DDD47F21B69EE600FB49D6 /* TodoListFeature.swift */,
			);
			path = features;
			sourceTree = "<group>";
		};
		F21FC0F321B6C5AB00771871 /* steps */ = {
			isa = PBXGroup;
			children = (
				F21FC0F521B6C62D00771871 /* TodoListSteps.swift */,
			);
			path = steps;
			sourceTree = "<group>";
		};
		F2DDD45021B69EE500FB49D6 = {
			isa = PBXGroup;
			children = (
				F2DDD45B21B69EE500FB49D6 /* todoApp */,
				F2DDD47321B69EE600FB49D6 /* todoAppTests */,
				F2DDD47E21B69EE600FB49D6 /* todoAppUITests */,
				F2DDD45A21B69EE500FB49D6 /* Products */,
				F21FC0E721B6B56800771871 /* Frameworks */,
			);
			sourceTree = "<group>";
		};
		F2DDD45A21B69EE500FB49D6 /* Products */ = {
			isa = PBXGroup;
			children = (
				F2DDD45921B69EE500FB49D6 /* todoApp.app */,
				F2DDD47021B69EE600FB49D6 /* todoAppTests.xctest */,
				F2DDD47B21B69EE600FB49D6 /* todoAppUITests.xctest */,
			);
			name = Products;
			sourceTree = "<group>";
		};
		F2DDD45B21B69EE500FB49D6 /* todoApp */ = {
			isa = PBXGroup;
			children = (
				F2DDD45C21B69EE500FB49D6 /* AppDelegate.swift */,
				F2DDD46021B69EE500FB49D6 /* Main.storyboard */,
				F2DDD46621B69EE600FB49D6 /* Assets.xcassets */,
				F2DDD46821B69EE600FB49D6 /* LaunchScreen.storyboard */,
				F2DDD46B21B69EE600FB49D6 /* Info.plist */,
				F2DDD46321B69EE500FB49D6 /* todoApp.xcdatamodeld */,
				F21FC0F721B6CCA200771871 /* TodoListControllerTableViewController.swift */,
			);
			path = todoApp;
			sourceTree = "<group>";
		};
		F2DDD47321B69EE600FB49D6 /* todoAppTests */ = {
			isa = PBXGroup;
			children = (
				F2DDD47421B69EE600FB49D6 /* todoAppTests.swift */,
				F2DDD47621B69EE600FB49D6 /* Info.plist */,
			);
			path = todoAppTests;
			sourceTree = "<group>";
		};
		F2DDD47E21B69EE600FB49D6 /* todoAppUITests */ = {
			isa = PBXGroup;
			children = (
				F21FC0F221B6C59A00771871 /* features */,
				F21FC0F321B6C5AB00771871 /* steps */,
				F2DDD48121B69EE600FB49D6 /* Info.plist */,
			);
			path = todoAppUITests;
			sourceTree = "<group>";
		};
/* End PBXGroup section */

/* Begin PBXNativeTarget section */
		F2DDD45821B69EE500FB49D6 /* todoApp */ = {
			isa = PBXNativeTarget;
			buildConfigurationList = F2DDD48421B69EE600FB49D6 /* Build configuration list for PBXNativeTarget "todoApp" */;
			buildPhases = (
				F2DDD45521B69EE500FB49D6 /* Sources */,
				F2DDD45621B69EE500FB49D6 /* Frameworks */,
				F2DDD45721B69EE500FB49D6 /* Resources */,
				F21FC0EC21B6B57900771871 /* CopyFiles */,
			);
			buildRules = (
			);
			dependencies = (
			);
			name = todoApp;
			productName = todoApp;
			productReference = F2DDD45921B69EE500FB49D6 /* todoApp.app */;
			productType = "com.apple.product-type.application";
		};
		F2DDD46F21B69EE600FB49D6 /* todoAppTests */ = {
			isa = PBXNativeTarget;
			buildConfigurationList = F2DDD48721B69EE600FB49D6 /* Build configuration list for PBXNativeTarget "todoAppTests" */;
			buildPhases = (
				F2DDD46C21B69EE600FB49D6 /* Sources */,
				F2DDD46D21B69EE600FB49D6 /* Frameworks */,
				F2DDD46E21B69EE600FB49D6 /* Resources */,
			);
			buildRules = (
			);
			dependencies = (
				F2DDD47221B69EE600FB49D6 /* PBXTargetDependency */,
			);
			name = todoAppTests;
			productName = todoAppTests;
			productReference = F2DDD47021B69EE600FB49D6 /* todoAppTests.xctest */;
			productType = "com.apple.product-type.bundle.unit-test";
		};
		F2DDD47A21B69EE600FB49D6 /* todoAppUITests */ = {
			isa = PBXNativeTarget;
			buildConfigurationList = F2DDD48A21B69EE600FB49D6 /* Build configuration list for PBXNativeTarget "todoAppUITests" */;
			buildPhases = (
				F2DDD47721B69EE600FB49D6 /* Sources */,
				F2DDD47821B69EE600FB49D6 /* Frameworks */,
				F2DDD47921B69EE600FB49D6 /* Resources */,
			);
			buildRules = (
			);
			dependencies = (
				F2DDD47D21B69EE600FB49D6 /* PBXTargetDependency */,
			);
			name = todoAppUITests;
			productName = todoAppUITests;
			productReference = F2DDD47B21B69EE600FB49D6 /* todoAppUITests.xctest */;
			productType = "com.apple.product-type.bundle.ui-testing";
		};
/* End PBXNativeTarget section */

/* Begin PBXProject section */
		F2DDD45121B69EE500FB49D6 /* Project object */ = {
			isa = PBXProject;
			attributes = {
				LastSwiftUpdateCheck = 1010;
				LastUpgradeCheck = 1010;
				ORGANIZATIONNAME = xxxx;
				TargetAttributes = {
					F2DDD45821B69EE500FB49D6 = {
						CreatedOnToolsVersion = 10.1;
					};
					F2DDD46F21B69EE600FB49D6 = {
						CreatedOnToolsVersion = 10.1;
						TestTargetID = F2DDD45821B69EE500FB49D6;
					};
					F2DDD47A21B69EE600FB49D6 = {
						CreatedOnToolsVersion = 10.1;
						TestTargetID = F2DDD45821B69EE500FB49D6;
					};
				};
			};
			buildConfigurationList = F2DDD45421B69EE500FB49D6 /* Build configuration list for PBXProject "todoApp" */;
			compatibilityVersion = "Xcode 9.3";
			developmentRegion = en;
			hasScannedForEncodings = 0;
			knownRegions = (
				en,
				Base,
			);
			mainGroup = F2DDD45021B69EE500FB49D6;
			productRefGroup = F2DDD45A21B69EE500FB49D6 /* Products */;
			projectDirPath = "";
			projectRoot = "";
			targets = (
				F2DDD45821B69EE500FB49D6 /* todoApp */,
				F2DDD46F21B69EE600FB49D6 /* todoAppTests */,
				F2DDD47A21B69EE600FB49D6 /* todoAppUITests */,
			);
		};
/* End PBXProject section */

/* Begin PBXResourcesBuildPhase section */
		F2DDD45721B69EE500FB49D6 /* Resources */ = {
			isa = PBXResourcesBuildPhase;
			buildActionMask = 2147483647;
			files = (
				F2DDD46A21B69EE600FB49D6 /* LaunchScreen.storyboard in Resources */,
				F2DDD46721B69EE600FB49D6 /* Assets.xcassets in Resources */,
				F2DDD46221B69EE500FB49D6 /* Main.storyboard in Resources */,
			);
			runOnlyForDeploymentPostprocessing = 0;
		};
		F2DDD46E21B69EE600FB49D6 /* Resources */ = {
			isa = PBXResourcesBuildPhase;
			buildActionMask = 2147483647;
			files = (
			);
			runOnlyForDeploymentPostprocessing = 0;
		};
		F2DDD47921B69EE600FB49D6 /* Resources */ = {
			isa = PBXResourcesBuildPhase;
			buildActionMask = 2147483647;
			files = (
			);
			runOnlyForDeploymentPostprocessing = 0;
		};
/* End PBXResourcesBuildPhase section */

/* Begin PBXSourcesBuildPhase section */
		F2DDD45521B69EE500FB49D6 /* Sources */ = {
			isa = PBXSourcesBuildPhase;
			buildActionMask = 2147483647;
			files = (
				F2DDD46521B69EE500FB49D6 /* todoApp.xcdatamodeld in Sources */,
				F2DDD45D21B69EE500FB49D6 /* AppDelegate.swift in Sources */,
				F21FC0F821B6CCA200771871 /* TodoListControllerTableViewController.swift in Sources */,
			);
			runOnlyForDeploymentPostprocessing = 0;
		};
		F2DDD46C21B69EE600FB49D6 /* Sources */ = {
			isa = PBXSourcesBuildPhase;
			buildActionMask = 2147483647;
			files = (
				F2DDD47521B69EE600FB49D6 /* todoAppTests.swift in Sources */,
			);
			runOnlyForDeploymentPostprocessing = 0;
		};
		F2DDD47721B69EE600FB49D6 /* Sources */ = {
			isa = PBXSourcesBuildPhase;
			buildActionMask = 2147483647;
			files = (
				F2DDD48021B69EE600FB49D6 /* TodoListFeature.swift in Sources */,
				F21FC0F621B6C62D00771871 /* TodoListSteps.swift in Sources */,
			);
			runOnlyForDeploymentPostprocessing = 0;
		};
/* End PBXSourcesBuildPhase section */

/* Begin PBXTargetDependency section */
		F2DDD47221B69EE600FB49D6 /* PBXTargetDependency */ = {
			isa = PBXTargetDependency;
			target = F2DDD45821B69EE500FB49D6 /* todoApp */;
			targetProxy = F2DDD47121B69EE600FB49D6 /* PBXContainerItemProxy */;
		};
		F2DDD47D21B69EE600FB49D6 /* PBXTargetDependency */ = {
			isa = PBXTargetDependency;
			target = F2DDD45821B69EE500FB49D6 /* todoApp */;
			targetProxy = F2DDD47C21B69EE600FB49D6 /* PBXContainerItemProxy */;
		};
/* End PBXTargetDependency section */

/* Begin PBXVariantGroup section */
		F2DDD46021B69EE500FB49D6 /* Main.storyboard */ = {
			isa = PBXVariantGroup;
			children = (
				F2DDD46121B69EE500FB49D6 /* Base */,
			);
			name = Main.storyboard;
			sourceTree = "<group>";
		};
		F2DDD46821B69EE600FB49D6 /* LaunchScreen.storyboard */ = {
			isa = PBXVariantGroup;
			children = (
				F2DDD46921B69EE600FB49D6 /* Base */,
			);
			name = LaunchScreen.storyboard;
			sourceTree = "<group>";
		};
/* End PBXVariantGroup section */

/* Begin XCBuildConfiguration section */
		F2DDD48221B69EE600FB49D6 /* Debug */ = {
			isa = XCBuildConfiguration;
			buildSettings = {
				ALWAYS_SEARCH_USER_PATHS = NO;
				CLANG_ANALYZER_NONNULL = YES;
				CLANG_ANALYZER_NUMBER_OBJECT_CONVERSION = YES_AGGRESSIVE;
				CLANG_CXX_LANGUAGE_STANDARD = "gnu++14";
				CLANG_CXX_LIBRARY = "libc++";
				CLANG_ENABLE_MODULES = YES;
				CLANG_ENABLE_OBJC_ARC = YES;
				CLANG_ENABLE_OBJC_WEAK = YES;
				CLANG_WARN_BLOCK_CAPTURE_AUTORELEASING = YES;
				CLANG_WARN_BOOL_CONVERSION = YES;
				CLANG_WARN_COMMA = YES;
				CLANG_WARN_CONSTANT_CONVERSION = YES;
				CLANG_WARN_DEPRECATED_OBJC_IMPLEMENTATIONS = YES;
				CLANG_WARN_DIRECT_OBJC_ISA_USAGE = YES_ERROR;
				CLANG_WARN_DOCUMENTATION_COMMENTS = YES;
				CLANG_WARN_EMPTY_BODY = YES;
				CLANG_WARN_ENUM_CONVERSION = YES;
				CLANG_WARN_INFINITE_RECURSION = YES;
				CLANG_WARN_INT_CONVERSION = YES;
				CLANG_WARN_NON_LITERAL_NULL_CONVERSION = YES;
				CLANG_WARN_OBJC_IMPLICIT_RETAIN_SELF = YES;
				CLANG_WARN_OBJC_LITERAL_CONVERSION = YES;
				CLANG_WARN_OBJC_ROOT_CLASS = YES_ERROR;
				CLANG_WARN_RANGE_LOOP_ANALYSIS = YES;
				CLANG_WARN_STRICT_PROTOTYPES = YES;
				CLANG_WARN_SUSPICIOUS_MOVE = YES;
				CLANG_WARN_UNGUARDED_AVAILABILITY = YES_AGGRESSIVE;
				CLANG_WARN_UNREACHABLE_CODE = YES;
				CLANG_WARN__DUPLICATE_METHOD_MATCH = YES;
				CODE_SIGN_IDENTITY = "iPhone Developer";
				COPY_PHASE_STRIP = NO;
				DEBUG_INFORMATION_FORMAT = dwarf;
				ENABLE_STRICT_OBJC_MSGSEND = YES;
				ENABLE_TESTABILITY = YES;
				GCC_C_LANGUAGE_STANDARD = gnu11;
				GCC_DYNAMIC_NO_PIC = NO;
				GCC_NO_COMMON_BLOCKS = YES;
				GCC_OPTIMIZATION_LEVEL = 0;
				GCC_PREPROCESSOR_DEFINITIONS = (
					"DEBUG=1",
					"$(inherited)",
				);
				GCC_WARN_64_TO_32_BIT_CONVERSION = YES;
				GCC_WARN_ABOUT_RETURN_TYPE = YES_ERROR;
				GCC_WARN_UNDECLARED_SELECTOR = YES;
				GCC_WARN_UNINITIALIZED_AUTOS = YES_AGGRESSIVE;
				GCC_WARN_UNUSED_FUNCTION = YES;
				GCC_WARN_UNUSED_VARIABLE = YES;
				IPHONEOS_DEPLOYMENT_TARGET = 12.1;
				MTL_ENABLE_DEBUG_INFO = INCLUDE_SOURCE;
				MTL_FAST_MATH = YES;
				ONLY_ACTIVE_ARCH = YES;
				SDKROOT = iphoneos;
				SWIFT_ACTIVE_COMPILATION_CONDITIONS = DEBUG;
				SWIFT_OPTIMIZATION_LEVEL = "-Onone";
			};
			name = Debug;
		};
		F2DDD48321B69EE600FB49D6 /* Release */ = {
			isa = XCBuildConfiguration;
			buildSettings = {
				ALWAYS_SEARCH_USER_PATHS = NO;
				CLANG_ANALYZER_NONNULL = YES;
				CLANG_ANALYZER_NUMBER_OBJECT_CONVERSION = YES_AGGRESSIVE;
				CLANG_CXX_LANGUAGE_STANDARD = "gnu++14";
				CLANG_CXX_LIBRARY = "libc++";
				CLANG_ENABLE_MODULES = YES;
				CLANG_ENABLE_OBJC_ARC = YES;
				CLANG_ENABLE_OBJC_WEAK = YES;
				CLANG_WARN_BLOCK_CAPTURE_AUTORELEASING = YES;
				CLANG_WARN_BOOL_CONVERSION = YES;
				CLANG_WARN_COMMA = YES;
				CLANG_WARN_CONSTANT_CONVERSION = YES;
				CLANG_WARN_DEPRECATED_OBJC_IMPLEMENTATIONS = YES;
				CLANG_WARN_DIRECT_OBJC_ISA_USAGE = YES_ERROR;
				CLANG_WARN_DOCUMENTATION_COMMENTS = YES;
				CLANG_WARN_EMPTY_BODY = YES;
				CLANG_WARN_ENUM_CONVERSION = YES;
				CLANG_WARN_INFINITE_RECURSION = YES;
				CLANG_WARN_INT_CONVERSION = YES;
				CLANG_WARN_NON_LITERAL_NULL_CONVERSION = YES;
				CLANG_WARN_OBJC_IMPLICIT_RETAIN_SELF = YES;
				CLANG_WARN_OBJC_LITERAL_CONVERSION = YES;
				CLANG_WARN_OBJC_ROOT_CLASS = YES_ERROR;
				CLANG_WARN_RANGE_LOOP_ANALYSIS = YES;
				CLANG_WARN_STRICT_PROTOTYPES = YES;
				CLANG_WARN_SUSPICIOUS_MOVE = YES;
				CLANG_WARN_UNGUARDED_AVAILABILITY = YES_AGGRESSIVE;
				CLANG_WARN_UNREACHABLE_CODE = YES;
				CLANG_WARN__DUPLICATE_METHOD_MATCH = YES;
				CODE_SIGN_IDENTITY = "iPhone Developer";
				COPY_PHASE_STRIP = NO;
				DEBUG_INFORMATION_FORMAT = "dwarf-with-dsym";
				ENABLE_NS_ASSERTIONS = NO;
				ENABLE_STRICT_OBJC_MSGSEND = YES;
				GCC_C_LANGUAGE_STANDARD = gnu11;
				GCC_NO_COMMON_BLOCKS = YES;
				GCC_WARN_64_TO_32_BIT_CONVERSION = YES;
				GCC_WARN_ABOUT_RETURN_TYPE = YES_ERROR;
				GCC_WARN_UNDECLARED_SELECTOR = YES;
				GCC_WARN_UNINITIALIZED_AUTOS = YES_AGGRESSIVE;
				GCC_WARN_UNUSED_FUNCTION = YES;
				GCC_WARN_UNUSED_VARIABLE = YES;
				IPHONEOS_DEPLOYMENT_TARGET = 12.1;
				MTL_ENABLE_DEBUG_INFO = NO;
				MTL_FAST_MATH = YES;
				SDKROOT = iphoneos;
				SWIFT_COMPILATION_MODE = wholemodule;
				SWIFT_OPTIMIZATION_LEVEL = "-O";
				VALIDATE_PRODUCT = YES;
			};
			name = Release;
		};
		F2DDD48521B69EE600FB49D6 /* Debug */ = {
			isa = XCBuildConfiguration;
			buildSettings = {
				ASSETCATALOG_COMPILER_APPICON_NAME = AppIcon;
				CODE_SIGN_STYLE = Automatic;
				FRAMEWORK_SEARCH_PATHS = (
					"$(inherited)",
					"$(PROJECT_DIR)/Carthage/Build/iOS",
				);
				INFOPLIST_FILE = todoApp/Info.plist;
				LD_RUNPATH_SEARCH_PATHS = (
					"$(inherited)",
					"@executable_path/Frameworks",
				);
				MTL_ENABLE_DEBUG_INFO = YES;
				PRODUCT_BUNDLE_IDENTIFIER = xxxx.todoApp;
				PRODUCT_NAME = "$(TARGET_NAME)";
				SWIFT_VERSION = 4.2;
				TARGETED_DEVICE_FAMILY = "1,2";
			};
			name = Debug;
		};
		F2DDD48621B69EE600FB49D6 /* Release */ = {
			isa = XCBuildConfiguration;
			buildSettings = {
				ASSETCATALOG_COMPILER_APPICON_NAME = AppIcon;
				CODE_SIGN_STYLE = Automatic;
				FRAMEWORK_SEARCH_PATHS = (
					"$(inherited)",
					"$(PROJECT_DIR)/Carthage/Build/iOS",
				);
				INFOPLIST_FILE = todoApp/Info.plist;
				LD_RUNPATH_SEARCH_PATHS = (
					"$(inherited)",
					"@executable_path/Frameworks",
				);
				PRODUCT_BUNDLE_IDENTIFIER = xxxx.todoApp;
				PRODUCT_NAME = "$(TARGET_NAME)";
				SWIFT_VERSION = 4.2;
				TARGETED_DEVICE_FAMILY = "1,2";
			};
			name = Release;
		};
		F2DDD48821B69EE600FB49D6 /* Debug */ = {
			isa = XCBuildConfiguration;
			buildSettings = {
				ALWAYS_EMBED_SWIFT_STANDARD_LIBRARIES = YES;
				BUNDLE_LOADER = "$(TEST_HOST)";
				CODE_SIGN_STYLE = Automatic;
				INFOPLIST_FILE = todoAppTests/Info.plist;
				LD_RUNPATH_SEARCH_PATHS = (
					"$(inherited)",
					"@executable_path/Frameworks",
					"@loader_path/Frameworks",
				);
				PRODUCT_BUNDLE_IDENTIFIER = xxxx.todoAppTests;
				PRODUCT_NAME = "$(TARGET_NAME)";
				SWIFT_VERSION = 4.2;
				TARGETED_DEVICE_FAMILY = "1,2";
				TEST_HOST = "$(BUILT_PRODUCTS_DIR)/todoApp.app/todoApp";
			};
			name = Debug;
		};
		F2DDD48921B69EE600FB49D6 /* Release */ = {
			isa = XCBuildConfiguration;
			buildSettings = {
				ALWAYS_EMBED_SWIFT_STANDARD_LIBRARIES = YES;
				BUNDLE_LOADER = "$(TEST_HOST)";
				CODE_SIGN_STYLE = Automatic;
				INFOPLIST_FILE = todoAppTests/Info.plist;
				LD_RUNPATH_SEARCH_PATHS = (
					"$(inherited)",
					"@executable_path/Frameworks",
					"@loader_path/Frameworks",
				);
				PRODUCT_BUNDLE_IDENTIFIER = xxxx.todoAppTests;
				PRODUCT_NAME = "$(TARGET_NAME)";
				SWIFT_VERSION = 4.2;
				TARGETED_DEVICE_FAMILY = "1,2";
				TEST_HOST = "$(BUILT_PRODUCTS_DIR)/todoApp.app/todoApp";
			};
			name = Release;
		};
		F2DDD48B21B69EE600FB49D6 /* Debug */ = {
			isa = XCBuildConfiguration;
			buildSettings = {
				ALWAYS_EMBED_SWIFT_STANDARD_LIBRARIES = YES;
				CODE_SIGN_STYLE = Automatic;
				INFOPLIST_FILE = todoAppUITests/Info.plist;
				LD_RUNPATH_SEARCH_PATHS = (
					"$(inherited)",
					"@executable_path/Frameworks",
					"@loader_path/Frameworks",
				);
				PRODUCT_BUNDLE_IDENTIFIER = xxxx.todoAppUITests;
				PRODUCT_NAME = "$(TARGET_NAME)";
				SWIFT_VERSION = 4.2;
				TARGETED_DEVICE_FAMILY = "1,2";
				TEST_TARGET_NAME = todoApp;
			};
			name = Debug;
		};
		F2DDD48C21B69EE600FB49D6 /* Release */ = {
			isa = XCBuildConfiguration;
			buildSettings = {
				ALWAYS_EMBED_SWIFT_STANDARD_LIBRARIES = YES;
				CODE_SIGN_STYLE = Automatic;
				INFOPLIST_FILE = todoAppUITests/Info.plist;
				LD_RUNPATH_SEARCH_PATHS = (
					"$(inherited)",
					"@executable_path/Frameworks",
					"@loader_path/Frameworks",
				);
				PRODUCT_BUNDLE_IDENTIFIER = xxxx.todoAppUITests;
				PRODUCT_NAME = "$(TARGET_NAME)";
				SWIFT_VERSION = 4.2;
				TARGETED_DEVICE_FAMILY = "1,2";
				TEST_TARGET_NAME = todoApp;
			};
			name = Release;
		};
/* End XCBuildConfiguration section */

/* Begin XCConfigurationList section */
		F2DDD45421B69EE500FB49D6 /* Build configuration list for PBXProject "todoApp" */ = {
			isa = XCConfigurationList;
			buildConfigurations = (
				F2DDD48221B69EE600FB49D6 /* Debug */,
				F2DDD48321B69EE600FB49D6 /* Release */,
			);
			defaultConfigurationIsVisible = 0;
			defaultConfigurationName = Release;
		};
		F2DDD48421B69EE600FB49D6 /* Build configuration list for PBXNativeTarget "todoApp" */ = {
			isa = XCConfigurationList;
			buildConfigurations = (
				F2DDD48521B69EE600FB49D6 /* Debug */,
				F2DDD48621B69EE600FB49D6 /* Release */,
			);
			defaultConfigurationIsVisible = 0;
			defaultConfigurationName = Release;
		};
		F2DDD48721B69EE600FB49D6 /* Build configuration list for PBXNativeTarget "todoAppTests" */ = {
			isa = XCConfigurationList;
			buildConfigurations = (
				F2DDD48821B69EE600FB49D6 /* Debug */,
				F2DDD48921B69EE600FB49D6 /* Release */,
			);
			defaultConfigurationIsVisible = 0;
			defaultConfigurationName = Release;
		};
		F2DDD48A21B69EE600FB49D6 /* Build configuration list for PBXNativeTarget "todoAppUITests" */ = {
			isa = XCConfigurationList;
			buildConfigurations = (
				F2DDD48B21B69EE600FB49D6 /* Debug */,
				F2DDD48C21B69EE600FB49D6 /* Release */,
			);
			defaultConfigurationIsVisible = 0;
			defaultConfigurationName = Release;
		};
/* End XCConfigurationList section */

/* Begin XCVersionGroup section */
		F2DDD46321B69EE500FB49D6 /* todoApp.xcdatamodeld */ = {
			isa = XCVersionGroup;
			children = (
				F2DDD46421B69EE500FB49D6 /* todoApp.xcdatamodel */,
			);
			currentVersion = F2DDD46421B69EE500FB49D6 /* todoApp.xcdatamodel */;
			path = todoApp.xcdatamodeld;
			sourceTree = "<group>";
			versionGroupType = wrapper.xcdatamodel;
		};
/* End XCVersionGroup section */
	};
	rootObject = F2DDD45121B69EE500FB49D6 /* Project object */;
}
